
Microsoft Visual Studio Solution File, Format Version 12.00
# Visual Studio Version 16
VisualStudioVersion = 16.0.31019.35
MinimumVisualStudioVersion = 10.0.40219.1
Project("{8BC9CEB8-8B4A-11D0-8D11-00A0C91BC942}") = "Soduko", "Soduko\Soduko.vcxproj", "{7632EEA0-740C-475C-A683-29C2C330F322}"
EndProject
Global
	GlobalSection(SolutionConfigurationPlatforms) = preSolution
		Debug|x64 = Debug|x64
		Debug|x86 = Debug|x86
		Release|x64 = Release|x64
		Release|x86 = Release|x86
	EndGlobalSection
	GlobalSection(ProjectConfigurationPlatforms) = postSolution
		{7632EEA0-740C-475C-A683-29C2C330F322}.Debug|x64.ActiveCfg = Debug|x64
		{7632EEA0-740C-475C-A683-29C2C330F322}.Debug|x64.Build.0 = Debug|x64
		{7632EEA0-740C-475C-A683-29C2C330F322}.Debug|x86.ActiveCfg = Debug|Win32
		{7632EEA0-740C-475C-A683-29C2C330F322}.Debug|x86.Build.0 = Debug|Win32
		{7632EEA0-740C-475C-A683-29C2C330F322}.Release|x64.ActiveCfg = Release|x64
		{7632EEA0-740C-475C-A683-29C2C330F322}.Release|x64.Build.0 = Release|x64
		{7632EEA0-740C-475C-A683-29C2C330F322}.Release|x86.ActiveCfg = Release|Win32
		{7632EEA0-740C-475C-A683-29C2C330F322}.Release|x86.Build.0 = Release|Win32
	EndGlobalSection
	GlobalSection(SolutionProperties) = preSolution
		HideSolutionNode = FALSE
	EndGlobalSection
	GlobalSection(ExtensibilityGlobals) = postSolution
		SolutionGuid = {E69703A4-FCE0-4AD8-900F-D82B7E7249E1}
	EndGlobalSection
EndGlobal
